
Microsoft Visual Studio Solution File, Format Version 12.00
# Visual Studio 15
VisualStudioVersion = 15.0.27703.2035
MinimumVisualStudioVersion = 10.0.40219.1
Project("{FAE04EC0-301F-11D3-BF4B-00C04F79EFBC}") = "libri-Foschi_Suprani", "libri-Foschi_Suprani\libri-Foschi_Suprani.csproj", "{60B03BD0-22E2-4C43-A1DB-F15E9149A21C}"
EndProject
Global
	GlobalSection(SolutionConfigurationPlatforms) = preSolution
		Debug|Any CPU = Debug|Any CPU
		Release|Any CPU = Release|Any CPU
	EndGlobalSection
	GlobalSection(ProjectConfigurationPlatforms) = postSolution
		{60B03BD0-22E2-4C43-A1DB-F15E9149A21C}.Debug|Any CPU.ActiveCfg = Debug|Any CPU
		{60B03BD0-22E2-4C43-A1DB-F15E9149A21C}.Debug|Any CPU.Build.0 = Debug|Any CPU
		{60B03BD0-22E2-4C43-A1DB-F15E9149A21C}.Release|Any CPU.ActiveCfg = Release|Any CPU
		{60B03BD0-22E2-4C43-A1DB-F15E9149A21C}.Release|Any CPU.Build.0 = Release|Any CPU
	EndGlobalSection
	GlobalSection(SolutionProperties) = preSolution
		HideSolutionNode = FALSE
	EndGlobalSection
	GlobalSection(ExtensibilityGlobals) = postSolution
		SolutionGuid = {33FF7549-E632-4E7B-9C54-CA2144D24FCB}
	EndGlobalSection
EndGlobal
